
Microsoft Visual Studio Solution File, Format Version 12.00
# Visual Studio Version 17
VisualStudioVersion = 17.5.33209.295
MinimumVisualStudioVersion = 10.0.40219.1
Project("{9A19103F-16F7-4668-BE54-9A1E7A4F7556}") = "Omega.WpfApp1", "Omega.WpfApp1\Omega.WpfApp1.csproj", "{2017FAE2-F01B-4BC7-9596-FD10B5D5FB1D}"
EndProject
Project("{9A19103F-16F7-4668-BE54-9A1E7A4F7556}") = "Omega.WpfModels1", "Omega.WpfModels1\Omega.WpfModels1.csproj", "{40BDB348-B947-42BB-9F74-BCF2F8503C37}"
EndProject
Project("{9A19103F-16F7-4668-BE54-9A1E7A4F7556}") = "Omega.WpfModels1.Tests", "Omega.WpfModels1.Tests\Omega.WpfModels1.Tests.csproj", "{4B9BFBA4-A244-45AD-8DD4-21473E011C37}"
EndProject
Project("{9A19103F-16F7-4668-BE54-9A1E7A4F7556}") = "Omega.WpfCommon1", "Omega.WpfCommon1\Omega.WpfCommon1.csproj", "{F4946450-ECE4-45F9-914A-8993D87CE268}"
EndProject
Project("{9A19103F-16F7-4668-BE54-9A1E7A4F7556}") = "Bdo.DatabaseLibrary1", "Bdo.DatabaseLibrary1\Bdo.DatabaseLibrary1.csproj", "{CD7284B9-6E31-462D-8257-FC0D877F79CC}"
EndProject
Project("{9A19103F-16F7-4668-BE54-9A1E7A4F7556}") = "Jem.DatabaseLibrary1", "Jem.DatabaseLibrary1\Jem.DatabaseLibrary1.csproj", "{A64697CF-DF78-4F4B-B16B-FF14F0C226ED}"
EndProject
Project("{9A19103F-16F7-4668-BE54-9A1E7A4F7556}") = "Jem.CommonLibrary22", "Jem.CommonLibrary22\Jem.CommonLibrary22.csproj", "{3D6813A9-062A-49DA-8DF9-1A56C3F210CB}"
EndProject
Project("{9A19103F-16F7-4668-BE54-9A1E7A4F7556}") = "Jem.CommonLibrary22.Tests", "Jem.CommonLibrary22.Tests\Jem.CommonLibrary22.Tests.csproj", "{68F36C22-63CC-44DD-8EAF-3FE297A28308}"
EndProject
Project("{9A19103F-16F7-4668-BE54-9A1E7A4F7556}") = "Omega.WpfProfilingLibrary1", "Omega.WpfProfilingLibrary1\Omega.WpfProfilingLibrary1.csproj", "{5368F266-4BA0-42D8-92D4-3FE275E047E3}"
EndProject
Project("{9A19103F-16F7-4668-BE54-9A1E7A4F7556}") = "Jem.Profiling22.Data", "Jem.Profiling22.Data\Jem.Profiling22.Data.csproj", "{4017C933-8AFF-446B-8109-2F01E44A396F}"
EndProject
Project("{9A19103F-16F7-4668-BE54-9A1E7A4F7556}") = "Jem.OcrLibrary22", "Jem.OcrLibrary22\Jem.OcrLibrary22.csproj", "{C5455ECD-F2AD-4B86-B1D2-F81C1F5D01DE}"
EndProject
Project("{9A19103F-16F7-4668-BE54-9A1E7A4F7556}") = "Jem.OcrLibrary22.Windows", "Jem.OcrLibrary22.Windows\Jem.OcrLibrary22.Windows.csproj", "{843079BE-BE43-4323-BEF6-8295064D0754}"
EndProject
Project("{9A19103F-16F7-4668-BE54-9A1E7A4F7556}") = "Omega.WpfControllers1", "Omega.WpfControllers1\Omega.WpfControllers1.csproj", "{8D1D56C8-864E-407A-8EBA-CCAA8904B419}"
EndProject
Project("{9A19103F-16F7-4668-BE54-9A1E7A4F7556}") = "Jem.ProDatabaseLibrary1", "Jem.ProDatabaseLibrary1\Jem.ProDatabaseLibrary1.csproj", "{483471FB-72E9-4DEB-B90A-B4ECFC002D6A}"
EndProject
Project("{9A19103F-16F7-4668-BE54-9A1E7A4F7556}") = "Jem.DocDatabaseLibrary1", "Jem.DocDatabaseLibrary1\Jem.DocDatabaseLibrary1.csproj", "{25D40263-04A7-40D8-9C0F-04C130A363AF}"
EndProject
Project("{9A19103F-16F7-4668-BE54-9A1E7A4F7556}") = "Omega.ProfilingService", "Omega.ProfilingService\Omega.ProfilingService.csproj", "{C42E923F-F54E-457F-B1F3-B037F8033BF0}"
EndProject
Project("{9A19103F-16F7-4668-BE54-9A1E7A4F7556}") = "Omega.ProfilingLibrary1", "Omega.ProfilingLibrary1\Omega.ProfilingLibrary1.csproj", "{F1461FC0-AAB3-41A1-804A-935531CEED20}"
EndProject
Project("{9A19103F-16F7-4668-BE54-9A1E7A4F7556}") = "Bdo.Samples", "Bdo.Samples\Bdo.Samples.csproj", "{21FEE623-E88C-4D33-8267-B3DBA427719B}"
EndProject
Project("{9A19103F-16F7-4668-BE54-9A1E7A4F7556}") = "Jem.PdfProcessingLibrary", "Jem.PdfProcessingLibrary\Jem.PdfProcessingLibrary.csproj", "{3B8D455F-C88E-4A3F-A076-6F5AEEAF8CEA}"
EndProject
Project("{9A19103F-16F7-4668-BE54-9A1E7A4F7556}") = "Jem.IronOcrLibrary", "Jem.IronOcrLibrary\Jem.IronOcrLibrary.csproj", "{CC9DD075-1B13-4532-B2A2-246AF4AD6CCD}"
EndProject
Project("{9A19103F-16F7-4668-BE54-9A1E7A4F7556}") = "Jem.IronOcrLibrary.Demo", "Jem.IronOcrLibrary.Demo\Jem.IronOcrLibrary.Demo.csproj", "{31184AA3-A87B-4A1F-8ECF-119800B87B4C}"
EndProject
Project("{2150E333-8FDC-42A3-9474-1A3956D46DE8}") = "Jem", "Jem", "{9AC38D1D-D7E5-4F95-8D90-86AA97FAF677}"
EndProject
Project("{2150E333-8FDC-42A3-9474-1A3956D46DE8}") = "Jem.Ocr", "Jem.Ocr", "{CE554F6A-D648-46CA-8355-690979BC2B3A}"
EndProject
Project("{9A19103F-16F7-4668-BE54-9A1E7A4F7556}") = "Jem.OcrLibrary22.Tester", "Jem.OcrLibrary22.Tester\Jem.OcrLibrary22.Tester.csproj", "{14735615-B0DC-4ED4-97DE-3BD7BA3C9014}"
EndProject
Project("{9A19103F-16F7-4668-BE54-9A1E7A4F7556}") = "Jem.OcrLibrary22.Tests", "Jem.OcrLibrary22.Tests\Jem.OcrLibrary22.Tests.csproj", "{36958FE5-E051-4207-A0B4-A74BFF449C1B}"
EndProject
Project("{9A19103F-16F7-4668-BE54-9A1E7A4F7556}") = "Jem.OcrOptimisedLibrary1", "Jem.OcrOptimisedLibrary1\Jem.OcrOptimisedLibrary1.csproj", "{57238C1B-CC80-4E31-A792-7B581F23FA01}"
EndProject
Project("{2150E333-8FDC-42A3-9474-1A3956D46DE8}") = "Omega", "Omega", "{FCC27BF0-AF13-4DF9-91A3-A9CD4C04381C}"
EndProject
Project("{2150E333-8FDC-42A3-9474-1A3956D46DE8}") = "Bdo", "Bdo", "{AC1CB5BF-AD9D-4119-AA2E-66E67CFB051C}"
EndProject
Project("{2150E333-8FDC-42A3-9474-1A3956D46DE8}") = "Jem.Common", "Jem.Common", "{F07E76AD-491C-4C42-AD82-011C4A70D679}"
EndProject
Project("{2150E333-8FDC-42A3-9474-1A3956D46DE8}") = "Jem.Profiling", "Jem.Profiling", "{F28EE014-7096-4B59-AF26-4BD9FAAFC192}"
EndProject
Project("{9A19103F-16F7-4668-BE54-9A1E7A4F7556}") = "Jem.Profiling22", "Jem.Profiling22\Jem.Profiling22.csproj", "{3E7E2472-7F93-4967-97A1-E1D7A43A2D71}"
EndProject
Project("{9A19103F-16F7-4668-BE54-9A1E7A4F7556}") = "Jem.Profiling22.Tests", "Jem.Profiling22.Tests\Jem.Profiling22.Tests.csproj", "{1C144A78-6524-4C80-AB3D-EEA462FD95DE}"
EndProject
Project("{9A19103F-16F7-4668-BE54-9A1E7A4F7556}") = "Jem.Profiling22.Windows", "Jem.Profiling22.Windows\Jem.Profiling22.Windows.csproj", "{E3041FB7-1A21-4FDC-B0AE-317979DF91B4}"
EndProject
Project("{9A19103F-16F7-4668-BE54-9A1E7A4F7556}") = "Jem.Profiling22.WpfControls", "Jem.Profiling22.WpfControls\Jem.Profiling22.WpfControls.csproj", "{12435ACC-1CE7-4416-A0BA-E7363E34C9CE}"
EndProject
Project("{9A19103F-16F7-4668-BE54-9A1E7A4F7556}") = "Jem.Profiling22.WpfControls.Test", "Jem.Profiling22.WpfControls.Test\Jem.Profiling22.WpfControls.Test.csproj", "{9930CAAB-7AB1-4FAC-B58F-A2A35F585E92}"
EndProject
Project("{9A19103F-16F7-4668-BE54-9A1E7A4F7556}") = "Jem.ProfilingLibrary23", "Jem.ProfilingLibrary23\Jem.ProfilingLibrary23.csproj", "{5B4E58CC-11AA-475B-B9AC-57112B12DAA4}"
EndProject
Project("{9A19103F-16F7-4668-BE54-9A1E7A4F7556}") = "Jem.ProfilingLibrary23.Tests", "Jem.ProfilingLibrary23.Tests\Jem.ProfilingLibrary23.Tests.csproj", "{45C6E958-24E4-4DD3-8423-07FE7AEDEA7E}"
EndProject
Project("{2150E333-8FDC-42A3-9474-1A3956D46DE8}") = "Jem.Wpf", "Jem.Wpf", "{8D056FEB-8437-49B5-9AAC-BB984D1C304F}"
EndProject
Project("{9A19103F-16F7-4668-BE54-9A1E7A4F7556}") = "Jem.WpfCommonLibrary22", "Jem.WpfCommonLibrary22\Jem.WpfCommonLibrary22.csproj", "{5A150AD0-478F-40A0-9F22-23A23245E868}"
EndProject
Global
	GlobalSection(SolutionConfigurationPlatforms) = preSolution
		Debug|Any CPU = Debug|Any CPU
		Release|Any CPU = Release|Any CPU
	EndGlobalSection
	GlobalSection(ProjectConfigurationPlatforms) = postSolution
		{2017FAE2-F01B-4BC7-9596-FD10B5D5FB1D}.Debug|Any CPU.ActiveCfg = Debug|Any CPU
		{2017FAE2-F01B-4BC7-9596-FD10B5D5FB1D}.Debug|Any CPU.Build.0 = Debug|Any CPU
		{2017FAE2-F01B-4BC7-9596-FD10B5D5FB1D}.Release|Any CPU.ActiveCfg = Release|Any CPU
		{2017FAE2-F01B-4BC7-9596-FD10B5D5FB1D}.Release|Any CPU.Build.0 = Release|Any CPU
		{40BDB348-B947-42BB-9F74-BCF2F8503C37}.Debug|Any CPU.ActiveCfg = Debug|Any CPU
		{40BDB348-B947-42BB-9F74-BCF2F8503C37}.Debug|Any CPU.Build.0 = Debug|Any CPU
		{40BDB348-B947-42BB-9F74-BCF2F8503C37}.Release|Any CPU.ActiveCfg = Release|Any CPU
		{40BDB348-B947-42BB-9F74-BCF2F8503C37}.Release|Any CPU.Build.0 = Release|Any CPU
		{4B9BFBA4-A244-45AD-8DD4-21473E011C37}.Debug|Any CPU.ActiveCfg = Debug|Any CPU
		{4B9BFBA4-A244-45AD-8DD4-21473E011C37}.Debug|Any CPU.Build.0 = Debug|Any CPU
		{4B9BFBA4-A244-45AD-8DD4-21473E011C37}.Release|Any CPU.ActiveCfg = Release|Any CPU
		{4B9BFBA4-A244-45AD-8DD4-21473E011C37}.Release|Any CPU.Build.0 = Release|Any CPU
		{F4946450-ECE4-45F9-914A-8993D87CE268}.Debug|Any CPU.ActiveCfg = Debug|Any CPU
		{F4946450-ECE4-45F9-914A-8993D87CE268}.Debug|Any CPU.Build.0 = Debug|Any CPU
		{F4946450-ECE4-45F9-914A-8993D87CE268}.Release|Any CPU.ActiveCfg = Release|Any CPU
		{F4946450-ECE4-45F9-914A-8993D87CE268}.Release|Any CPU.Build.0 = Release|Any CPU
		{CD7284B9-6E31-462D-8257-FC0D877F79CC}.Debug|Any CPU.ActiveCfg = Debug|Any CPU
		{CD7284B9-6E31-462D-8257-FC0D877F79CC}.Debug|Any CPU.Build.0 = Debug|Any CPU
		{CD7284B9-6E31-462D-8257-FC0D877F79CC}.Release|Any CPU.ActiveCfg = Release|Any CPU
		{CD7284B9-6E31-462D-8257-FC0D877F79CC}.Release|Any CPU.Build.0 = Release|Any CPU
		{A64697CF-DF78-4F4B-B16B-FF14F0C226ED}.Debug|Any CPU.ActiveCfg = Debug|Any CPU
		{A64697CF-DF78-4F4B-B16B-FF14F0C226ED}.Debug|Any CPU.Build.0 = Debug|Any CPU
		{A64697CF-DF78-4F4B-B16B-FF14F0C226ED}.Release|Any CPU.ActiveCfg = Release|Any CPU
		{A64697CF-DF78-4F4B-B16B-FF14F0C226ED}.Release|Any CPU.Build.0 = Release|Any CPU
		{3D6813A9-062A-49DA-8DF9-1A56C3F210CB}.Debug|Any CPU.ActiveCfg = Debug|Any CPU
		{3D6813A9-062A-49DA-8DF9-1A56C3F210CB}.Debug|Any CPU.Build.0 = Debug|Any CPU
		{3D6813A9-062A-49DA-8DF9-1A56C3F210CB}.Release|Any CPU.ActiveCfg = Release|Any CPU
		{3D6813A9-062A-49DA-8DF9-1A56C3F210CB}.Release|Any CPU.Build.0 = Release|Any CPU
		{68F36C22-63CC-44DD-8EAF-3FE297A28308}.Debug|Any CPU.ActiveCfg = Debug|Any CPU
		{68F36C22-63CC-44DD-8EAF-3FE297A28308}.Debug|Any CPU.Build.0 = Debug|Any CPU
		{68F36C22-63CC-44DD-8EAF-3FE297A28308}.Release|Any CPU.ActiveCfg = Release|Any CPU
		{68F36C22-63CC-44DD-8EAF-3FE297A28308}.Release|Any CPU.Build.0 = Release|Any CPU
		{5368F266-4BA0-42D8-92D4-3FE275E047E3}.Debug|Any CPU.ActiveCfg = Debug|Any CPU
		{5368F266-4BA0-42D8-92D4-3FE275E047E3}.Debug|Any CPU.Build.0 = Debug|Any CPU
		{5368F266-4BA0-42D8-92D4-3FE275E047E3}.Release|Any CPU.ActiveCfg = Release|Any CPU
		{5368F266-4BA0-42D8-92D4-3FE275E047E3}.Release|Any CPU.Build.0 = Release|Any CPU
		{4017C933-8AFF-446B-8109-2F01E44A396F}.Debug|Any CPU.ActiveCfg = Debug|Any CPU
		{4017C933-8AFF-446B-8109-2F01E44A396F}.Debug|Any CPU.Build.0 = Debug|Any CPU
		{4017C933-8AFF-446B-8109-2F01E44A396F}.Release|Any CPU.ActiveCfg = Release|Any CPU
		{4017C933-8AFF-446B-8109-2F01E44A396F}.Release|Any CPU.Build.0 = Release|Any CPU
		{C5455ECD-F2AD-4B86-B1D2-F81C1F5D01DE}.Debug|Any CPU.ActiveCfg = Debug|Any CPU
		{C5455ECD-F2AD-4B86-B1D2-F81C1F5D01DE}.Debug|Any CPU.Build.0 = Debug|Any CPU
		{C5455ECD-F2AD-4B86-B1D2-F81C1F5D01DE}.Release|Any CPU.ActiveCfg = Release|Any CPU
		{C5455ECD-F2AD-4B86-B1D2-F81C1F5D01DE}.Release|Any CPU.Build.0 = Release|Any CPU
		{843079BE-BE43-4323-BEF6-8295064D0754}.Debug|Any CPU.ActiveCfg = Debug|Any CPU
		{843079BE-BE43-4323-BEF6-8295064D0754}.Debug|Any CPU.Build.0 = Debug|Any CPU
		{843079BE-BE43-4323-BEF6-8295064D0754}.Release|Any CPU.ActiveCfg = Release|Any CPU
		{843079BE-BE43-4323-BEF6-8295064D0754}.Release|Any CPU.Build.0 = Release|Any CPU
		{8D1D56C8-864E-407A-8EBA-CCAA8904B419}.Debug|Any CPU.ActiveCfg = Debug|Any CPU
		{8D1D56C8-864E-407A-8EBA-CCAA8904B419}.Debug|Any CPU.Build.0 = Debug|Any CPU
		{8D1D56C8-864E-407A-8EBA-CCAA8904B419}.Release|Any CPU.ActiveCfg = Release|Any CPU
		{8D1D56C8-864E-407A-8EBA-CCAA8904B419}.Release|Any CPU.Build.0 = Release|Any CPU
		{483471FB-72E9-4DEB-B90A-B4ECFC002D6A}.Debug|Any CPU.ActiveCfg = Debug|Any CPU
		{483471FB-72E9-4DEB-B90A-B4ECFC002D6A}.Debug|Any CPU.Build.0 = Debug|Any CPU
		{483471FB-72E9-4DEB-B90A-B4ECFC002D6A}.Release|Any CPU.ActiveCfg = Release|Any CPU
		{483471FB-72E9-4DEB-B90A-B4ECFC002D6A}.Release|Any CPU.Build.0 = Release|Any CPU
		{25D40263-04A7-40D8-9C0F-04C130A363AF}.Debug|Any CPU.ActiveCfg = Debug|Any CPU
		{25D40263-04A7-40D8-9C0F-04C130A363AF}.Debug|Any CPU.Build.0 = Debug|Any CPU
		{25D40263-04A7-40D8-9C0F-04C130A363AF}.Release|Any CPU.ActiveCfg = Release|Any CPU
		{25D40263-04A7-40D8-9C0F-04C130A363AF}.Release|Any CPU.Build.0 = Release|Any CPU
		{C42E923F-F54E-457F-B1F3-B037F8033BF0}.Debug|Any CPU.ActiveCfg = Debug|Any CPU
		{C42E923F-F54E-457F-B1F3-B037F8033BF0}.Debug|Any CPU.Build.0 = Debug|Any CPU
		{C42E923F-F54E-457F-B1F3-B037F8033BF0}.Release|Any CPU.ActiveCfg = Release|Any CPU
		{C42E923F-F54E-457F-B1F3-B037F8033BF0}.Release|Any CPU.Build.0 = Release|Any CPU
		{F1461FC0-AAB3-41A1-804A-935531CEED20}.Debug|Any CPU.ActiveCfg = Debug|Any CPU
		{F1461FC0-AAB3-41A1-804A-935531CEED20}.Debug|Any CPU.Build.0 = Debug|Any CPU
		{F1461FC0-AAB3-41A1-804A-935531CEED20}.Release|Any CPU.ActiveCfg = Release|Any CPU
		{F1461FC0-AAB3-41A1-804A-935531CEED20}.Release|Any CPU.Build.0 = Release|Any CPU
		{21FEE623-E88C-4D33-8267-B3DBA427719B}.Debug|Any CPU.ActiveCfg = Debug|Any CPU
		{21FEE623-E88C-4D33-8267-B3DBA427719B}.Debug|Any CPU.Build.0 = Debug|Any CPU
		{21FEE623-E88C-4D33-8267-B3DBA427719B}.Release|Any CPU.ActiveCfg = Release|Any CPU
		{21FEE623-E88C-4D33-8267-B3DBA427719B}.Release|Any CPU.Build.0 = Release|Any CPU
		{3B8D455F-C88E-4A3F-A076-6F5AEEAF8CEA}.Debug|Any CPU.ActiveCfg = Debug|Any CPU
		{3B8D455F-C88E-4A3F-A076-6F5AEEAF8CEA}.Debug|Any CPU.Build.0 = Debug|Any CPU
		{3B8D455F-C88E-4A3F-A076-6F5AEEAF8CEA}.Release|Any CPU.ActiveCfg = Release|Any CPU
		{3B8D455F-C88E-4A3F-A076-6F5AEEAF8CEA}.Release|Any CPU.Build.0 = Release|Any CPU
		{CC9DD075-1B13-4532-B2A2-246AF4AD6CCD}.Debug|Any CPU.ActiveCfg = Debug|Any CPU
		{CC9DD075-1B13-4532-B2A2-246AF4AD6CCD}.Debug|Any CPU.Build.0 = Debug|Any CPU
		{CC9DD075-1B13-4532-B2A2-246AF4AD6CCD}.Release|Any CPU.ActiveCfg = Release|Any CPU
		{CC9DD075-1B13-4532-B2A2-246AF4AD6CCD}.Release|Any CPU.Build.0 = Release|Any CPU
		{31184AA3-A87B-4A1F-8ECF-119800B87B4C}.Debug|Any CPU.ActiveCfg = Debug|Any CPU
		{31184AA3-A87B-4A1F-8ECF-119800B87B4C}.Debug|Any CPU.Build.0 = Debug|Any CPU
		{31184AA3-A87B-4A1F-8ECF-119800B87B4C}.Release|Any CPU.ActiveCfg = Release|Any CPU
		{31184AA3-A87B-4A1F-8ECF-119800B87B4C}.Release|Any CPU.Build.0 = Release|Any CPU
		{14735615-B0DC-4ED4-97DE-3BD7BA3C9014}.Debug|Any CPU.ActiveCfg = Debug|Any CPU
		{14735615-B0DC-4ED4-97DE-3BD7BA3C9014}.Debug|Any CPU.Build.0 = Debug|Any CPU
		{14735615-B0DC-4ED4-97DE-3BD7BA3C9014}.Release|Any CPU.ActiveCfg = Release|Any CPU
		{14735615-B0DC-4ED4-97DE-3BD7BA3C9014}.Release|Any CPU.Build.0 = Release|Any CPU
		{36958FE5-E051-4207-A0B4-A74BFF449C1B}.Debug|Any CPU.ActiveCfg = Debug|Any CPU
		{36958FE5-E051-4207-A0B4-A74BFF449C1B}.Debug|Any CPU.Build.0 = Debug|Any CPU
		{36958FE5-E051-4207-A0B4-A74BFF449C1B}.Release|Any CPU.ActiveCfg = Release|Any CPU
		{36958FE5-E051-4207-A0B4-A74BFF449C1B}.Release|Any CPU.Build.0 = Release|Any CPU
		{57238C1B-CC80-4E31-A792-7B581F23FA01}.Debug|Any CPU.ActiveCfg = Debug|Any CPU
		{57238C1B-CC80-4E31-A792-7B581F23FA01}.Debug|Any CPU.Build.0 = Debug|Any CPU
		{57238C1B-CC80-4E31-A792-7B581F23FA01}.Release|Any CPU.ActiveCfg = Release|Any CPU
		{57238C1B-CC80-4E31-A792-7B581F23FA01}.Release|Any CPU.Build.0 = Release|Any CPU
		{3E7E2472-7F93-4967-97A1-E1D7A43A2D71}.Debug|Any CPU.ActiveCfg = Debug|Any CPU
		{3E7E2472-7F93-4967-97A1-E1D7A43A2D71}.Debug|Any CPU.Build.0 = Debug|Any CPU
		{3E7E2472-7F93-4967-97A1-E1D7A43A2D71}.Release|Any CPU.ActiveCfg = Release|Any CPU
		{3E7E2472-7F93-4967-97A1-E1D7A43A2D71}.Release|Any CPU.Build.0 = Release|Any CPU
		{1C144A78-6524-4C80-AB3D-EEA462FD95DE}.Debug|Any CPU.ActiveCfg = Debug|Any CPU
		{1C144A78-6524-4C80-AB3D-EEA462FD95DE}.Debug|Any CPU.Build.0 = Debug|Any CPU
		{1C144A78-6524-4C80-AB3D-EEA462FD95DE}.Release|Any CPU.ActiveCfg = Release|Any CPU
		{1C144A78-6524-4C80-AB3D-EEA462FD95DE}.Release|Any CPU.Build.0 = Release|Any CPU
		{E3041FB7-1A21-4FDC-B0AE-317979DF91B4}.Debug|Any CPU.ActiveCfg = Debug|Any CPU
		{E3041FB7-1A21-4FDC-B0AE-317979DF91B4}.Debug|Any CPU.Build.0 = Debug|Any CPU
		{E3041FB7-1A21-4FDC-B0AE-317979DF91B4}.Release|Any CPU.ActiveCfg = Release|Any CPU
		{E3041FB7-1A21-4FDC-B0AE-317979DF91B4}.Release|Any CPU.Build.0 = Release|Any CPU
		{12435ACC-1CE7-4416-A0BA-E7363E34C9CE}.Debug|Any CPU.ActiveCfg = Debug|Any CPU
		{12435ACC-1CE7-4416-A0BA-E7363E34C9CE}.Debug|Any CPU.Build.0 = Debug|Any CPU
		{12435ACC-1CE7-4416-A0BA-E7363E34C9CE}.Release|Any CPU.ActiveCfg = Release|Any CPU
		{12435ACC-1CE7-4416-A0BA-E7363E34C9CE}.Release|Any CPU.Build.0 = Release|Any CPU
		{9930CAAB-7AB1-4FAC-B58F-A2A35F585E92}.Debug|Any CPU.ActiveCfg = Debug|Any CPU
		{9930CAAB-7AB1-4FAC-B58F-A2A35F585E92}.Debug|Any CPU.Build.0 = Debug|Any CPU
		{9930CAAB-7AB1-4FAC-B58F-A2A35F585E92}.Release|Any CPU.ActiveCfg = Release|Any CPU
		{9930CAAB-7AB1-4FAC-B58F-A2A35F585E92}.Release|Any CPU.Build.0 = Release|Any CPU
		{5B4E58CC-11AA-475B-B9AC-57112B12DAA4}.Debug|Any CPU.ActiveCfg = Debug|Any CPU
		{5B4E58CC-11AA-475B-B9AC-57112B12DAA4}.Debug|Any CPU.Build.0 = Debug|Any CPU
		{5B4E58CC-11AA-475B-B9AC-57112B12DAA4}.Release|Any CPU.ActiveCfg = Release|Any CPU
		{5B4E58CC-11AA-475B-B9AC-57112B12DAA4}.Release|Any CPU.Build.0 = Release|Any CPU
		{45C6E958-24E4-4DD3-8423-07FE7AEDEA7E}.Debug|Any CPU.ActiveCfg = Debug|Any CPU
		{45C6E958-24E4-4DD3-8423-07FE7AEDEA7E}.Debug|Any CPU.Build.0 = Debug|Any CPU
		{45C6E958-24E4-4DD3-8423-07FE7AEDEA7E}.Release|Any CPU.ActiveCfg = Release|Any CPU
		{45C6E958-24E4-4DD3-8423-07FE7AEDEA7E}.Release|Any CPU.Build.0 = Release|Any CPU
		{5A150AD0-478F-40A0-9F22-23A23245E868}.Debug|Any CPU.ActiveCfg = Debug|Any CPU
		{5A150AD0-478F-40A0-9F22-23A23245E868}.Debug|Any CPU.Build.0 = Debug|Any CPU
		{5A150AD0-478F-40A0-9F22-23A23245E868}.Release|Any CPU.ActiveCfg = Release|Any CPU
		{5A150AD0-478F-40A0-9F22-23A23245E868}.Release|Any CPU.Build.0 = Release|Any CPU
	EndGlobalSection
	GlobalSection(SolutionProperties) = preSolution
		HideSolutionNode = FALSE
	EndGlobalSection
	GlobalSection(NestedProjects) = preSolution
		{2017FAE2-F01B-4BC7-9596-FD10B5D5FB1D} = {FCC27BF0-AF13-4DF9-91A3-A9CD4C04381C}
		{40BDB348-B947-42BB-9F74-BCF2F8503C37} = {FCC27BF0-AF13-4DF9-91A3-A9CD4C04381C}
		{4B9BFBA4-A244-45AD-8DD4-21473E011C37} = {FCC27BF0-AF13-4DF9-91A3-A9CD4C04381C}
		{F4946450-ECE4-45F9-914A-8993D87CE268} = {FCC27BF0-AF13-4DF9-91A3-A9CD4C04381C}
		{CD7284B9-6E31-462D-8257-FC0D877F79CC} = {AC1CB5BF-AD9D-4119-AA2E-66E67CFB051C}
		{A64697CF-DF78-4F4B-B16B-FF14F0C226ED} = {F07E76AD-491C-4C42-AD82-011C4A70D679}
		{3D6813A9-062A-49DA-8DF9-1A56C3F210CB} = {F07E76AD-491C-4C42-AD82-011C4A70D679}
		{68F36C22-63CC-44DD-8EAF-3FE297A28308} = {F07E76AD-491C-4C42-AD82-011C4A70D679}
		{5368F266-4BA0-42D8-92D4-3FE275E047E3} = {FCC27BF0-AF13-4DF9-91A3-A9CD4C04381C}
		{4017C933-8AFF-446B-8109-2F01E44A396F} = {F28EE014-7096-4B59-AF26-4BD9FAAFC192}
		{C5455ECD-F2AD-4B86-B1D2-F81C1F5D01DE} = {CE554F6A-D648-46CA-8355-690979BC2B3A}
		{843079BE-BE43-4323-BEF6-8295064D0754} = {CE554F6A-D648-46CA-8355-690979BC2B3A}
		{8D1D56C8-864E-407A-8EBA-CCAA8904B419} = {FCC27BF0-AF13-4DF9-91A3-A9CD4C04381C}
		{483471FB-72E9-4DEB-B90A-B4ECFC002D6A} = {F28EE014-7096-4B59-AF26-4BD9FAAFC192}
		{25D40263-04A7-40D8-9C0F-04C130A363AF} = {F07E76AD-491C-4C42-AD82-011C4A70D679}
		{C42E923F-F54E-457F-B1F3-B037F8033BF0} = {FCC27BF0-AF13-4DF9-91A3-A9CD4C04381C}
		{F1461FC0-AAB3-41A1-804A-935531CEED20} = {FCC27BF0-AF13-4DF9-91A3-A9CD4C04381C}
		{21FEE623-E88C-4D33-8267-B3DBA427719B} = {AC1CB5BF-AD9D-4119-AA2E-66E67CFB051C}
		{3B8D455F-C88E-4A3F-A076-6F5AEEAF8CEA} = {F07E76AD-491C-4C42-AD82-011C4A70D679}
		{CC9DD075-1B13-4532-B2A2-246AF4AD6CCD} = {CE554F6A-D648-46CA-8355-690979BC2B3A}
		{31184AA3-A87B-4A1F-8ECF-119800B87B4C} = {CE554F6A-D648-46CA-8355-690979BC2B3A}
		{CE554F6A-D648-46CA-8355-690979BC2B3A} = {9AC38D1D-D7E5-4F95-8D90-86AA97FAF677}
		{14735615-B0DC-4ED4-97DE-3BD7BA3C9014} = {CE554F6A-D648-46CA-8355-690979BC2B3A}
		{36958FE5-E051-4207-A0B4-A74BFF449C1B} = {CE554F6A-D648-46CA-8355-690979BC2B3A}
		{57238C1B-CC80-4E31-A792-7B581F23FA01} = {CE554F6A-D648-46CA-8355-690979BC2B3A}
		{F07E76AD-491C-4C42-AD82-011C4A70D679} = {9AC38D1D-D7E5-4F95-8D90-86AA97FAF677}
		{F28EE014-7096-4B59-AF26-4BD9FAAFC192} = {9AC38D1D-D7E5-4F95-8D90-86AA97FAF677}
		{3E7E2472-7F93-4967-97A1-E1D7A43A2D71} = {F28EE014-7096-4B59-AF26-4BD9FAAFC192}
		{1C144A78-6524-4C80-AB3D-EEA462FD95DE} = {F28EE014-7096-4B59-AF26-4BD9FAAFC192}
		{E3041FB7-1A21-4FDC-B0AE-317979DF91B4} = {F28EE014-7096-4B59-AF26-4BD9FAAFC192}
		{12435ACC-1CE7-4416-A0BA-E7363E34C9CE} = {F28EE014-7096-4B59-AF26-4BD9FAAFC192}
		{9930CAAB-7AB1-4FAC-B58F-A2A35F585E92} = {F28EE014-7096-4B59-AF26-4BD9FAAFC192}
		{5B4E58CC-11AA-475B-B9AC-57112B12DAA4} = {F28EE014-7096-4B59-AF26-4BD9FAAFC192}
		{45C6E958-24E4-4DD3-8423-07FE7AEDEA7E} = {F28EE014-7096-4B59-AF26-4BD9FAAFC192}
		{8D056FEB-8437-49B5-9AAC-BB984D1C304F} = {9AC38D1D-D7E5-4F95-8D90-86AA97FAF677}
		{5A150AD0-478F-40A0-9F22-23A23245E868} = {8D056FEB-8437-49B5-9AAC-BB984D1C304F}
	EndGlobalSection
	GlobalSection(ExtensibilityGlobals) = postSolution
		SolutionGuid = {8E5D7788-1FD4-4720-AE74-A4BE4CFB1D5F}
	EndGlobalSection
EndGlobal
