
Microsoft Visual Studio Solution File, Format Version 12.00
# Visual Studio Version 17
VisualStudioVersion = 17.5.33209.295
MinimumVisualStudioVersion = 10.0.40219.1
Project("{9A19103F-16F7-4668-BE54-9A1E7A4F7556}") = "Omega.WpfApp1", "Omega.WpfApp1\Omega.WpfApp1.csproj", "{2017FAE2-F01B-4BC7-9596-FD10B5D5FB1D}"
EndProject
Project("{9A19103F-16F7-4668-BE54-9A1E7A4F7556}") = "Omega.WpfModels1", "Omega.WpfModels1\Omega.WpfModels1.csproj", "{40BDB348-B947-42BB-9F74-BCF2F8503C37}"
EndProject
Project("{9A19103F-16F7-4668-BE54-9A1E7A4F7556}") = "Omega.WpfModels1.Tests", "Omega.WpfModels1.Tests\Omega.WpfModels1.Tests.csproj", "{4B9BFBA4-A244-45AD-8DD4-21473E011C37}"
EndProject
Project("{9A19103F-16F7-4668-BE54-9A1E7A4F7556}") = "Omega.WpfCommon1", "Omega.WpfCommon1\Omega.WpfCommon1.csproj", "{F4946450-ECE4-45F9-914A-8993D87CE268}"
EndProject
Project("{9A19103F-16F7-4668-BE54-9A1E7A4F7556}") = "Bdo.DatabaseLibrary1", "Bdo.DatabaseLibrary1\Bdo.DatabaseLibrary1.csproj", "{CD7284B9-6E31-462D-8257-FC0D877F79CC}"
EndProject
Project("{9A19103F-16F7-4668-BE54-9A1E7A4F7556}") = "Jem.DatabaseLibrary1", "Jem.DatabaseLibrary1\Jem.DatabaseLibrary1.csproj", "{A64697CF-DF78-4F4B-B16B-FF14F0C226ED}"
EndProject
Project("{9A19103F-16F7-4668-BE54-9A1E7A4F7556}") = "Jem.CommonLibrary22", "Jem.CommonLibrary22\Jem.CommonLibrary22.csproj", "{3D6813A9-062A-49DA-8DF9-1A56C3F210CB}"
EndProject
Project("{9A19103F-16F7-4668-BE54-9A1E7A4F7556}") = "Jem.CommonLibrary22.Tests", "Jem.CommonLibrary22.Tests\Jem.CommonLibrary22.Tests.csproj", "{68F36C22-63CC-44DD-8EAF-3FE297A28308}"
EndProject
Project("{FAE04EC0-301F-11D3-BF4B-00C04F79EFBC}") = "Omega.WpfProfilingLibrary1", "Omega.WpfProfilingLibrary1\Omega.WpfProfilingLibrary1.csproj", "{5368F266-4BA0-42D8-92D4-3FE275E047E3}"
EndProject
Project("{9A19103F-16F7-4668-BE54-9A1E7A4F7556}") = "Jem.Profiling22.Data", "Jem.Profiling22.Data\Jem.Profiling22.Data.csproj", "{4017C933-8AFF-446B-8109-2F01E44A396F}"
EndProject
Project("{9A19103F-16F7-4668-BE54-9A1E7A4F7556}") = "Jem.OcrLibrary22", "Jem.OcrLibrary22\Jem.OcrLibrary22.csproj", "{C5455ECD-F2AD-4B86-B1D2-F81C1F5D01DE}"
EndProject
Project("{9A19103F-16F7-4668-BE54-9A1E7A4F7556}") = "Jem.OcrLibrary22.Windows", "Jem.OcrLibrary22.Windows\Jem.OcrLibrary22.Windows.csproj", "{843079BE-BE43-4323-BEF6-8295064D0754}"
EndProject
Global
	GlobalSection(SolutionConfigurationPlatforms) = preSolution
		Debug|Any CPU = Debug|Any CPU
		Release|Any CPU = Release|Any CPU
	EndGlobalSection
	GlobalSection(ProjectConfigurationPlatforms) = postSolution
		{2017FAE2-F01B-4BC7-9596-FD10B5D5FB1D}.Debug|Any CPU.ActiveCfg = Debug|Any CPU
		{2017FAE2-F01B-4BC7-9596-FD10B5D5FB1D}.Debug|Any CPU.Build.0 = Debug|Any CPU
		{2017FAE2-F01B-4BC7-9596-FD10B5D5FB1D}.Release|Any CPU.ActiveCfg = Release|Any CPU
		{2017FAE2-F01B-4BC7-9596-FD10B5D5FB1D}.Release|Any CPU.Build.0 = Release|Any CPU
		{40BDB348-B947-42BB-9F74-BCF2F8503C37}.Debug|Any CPU.ActiveCfg = Debug|Any CPU
		{40BDB348-B947-42BB-9F74-BCF2F8503C37}.Debug|Any CPU.Build.0 = Debug|Any CPU
		{40BDB348-B947-42BB-9F74-BCF2F8503C37}.Release|Any CPU.ActiveCfg = Release|Any CPU
		{40BDB348-B947-42BB-9F74-BCF2F8503C37}.Release|Any CPU.Build.0 = Release|Any CPU
		{4B9BFBA4-A244-45AD-8DD4-21473E011C37}.Debug|Any CPU.ActiveCfg = Debug|Any CPU
		{4B9BFBA4-A244-45AD-8DD4-21473E011C37}.Debug|Any CPU.Build.0 = Debug|Any CPU
		{4B9BFBA4-A244-45AD-8DD4-21473E011C37}.Release|Any CPU.ActiveCfg = Release|Any CPU
		{4B9BFBA4-A244-45AD-8DD4-21473E011C37}.Release|Any CPU.Build.0 = Release|Any CPU
		{F4946450-ECE4-45F9-914A-8993D87CE268}.Debug|Any CPU.ActiveCfg = Debug|Any CPU
		{F4946450-ECE4-45F9-914A-8993D87CE268}.Debug|Any CPU.Build.0 = Debug|Any CPU
		{F4946450-ECE4-45F9-914A-8993D87CE268}.Release|Any CPU.ActiveCfg = Release|Any CPU
		{F4946450-ECE4-45F9-914A-8993D87CE268}.Release|Any CPU.Build.0 = Release|Any CPU
		{CD7284B9-6E31-462D-8257-FC0D877F79CC}.Debug|Any CPU.ActiveCfg = Debug|Any CPU
		{CD7284B9-6E31-462D-8257-FC0D877F79CC}.Debug|Any CPU.Build.0 = Debug|Any CPU
		{CD7284B9-6E31-462D-8257-FC0D877F79CC}.Release|Any CPU.ActiveCfg = Release|Any CPU
		{CD7284B9-6E31-462D-8257-FC0D877F79CC}.Release|Any CPU.Build.0 = Release|Any CPU
		{A64697CF-DF78-4F4B-B16B-FF14F0C226ED}.Debug|Any CPU.ActiveCfg = Debug|Any CPU
		{A64697CF-DF78-4F4B-B16B-FF14F0C226ED}.Debug|Any CPU.Build.0 = Debug|Any CPU
		{A64697CF-DF78-4F4B-B16B-FF14F0C226ED}.Release|Any CPU.ActiveCfg = Release|Any CPU
		{A64697CF-DF78-4F4B-B16B-FF14F0C226ED}.Release|Any CPU.Build.0 = Release|Any CPU
		{3D6813A9-062A-49DA-8DF9-1A56C3F210CB}.Debug|Any CPU.ActiveCfg = Debug|Any CPU
		{3D6813A9-062A-49DA-8DF9-1A56C3F210CB}.Debug|Any CPU.Build.0 = Debug|Any CPU
		{3D6813A9-062A-49DA-8DF9-1A56C3F210CB}.Release|Any CPU.ActiveCfg = Release|Any CPU
		{3D6813A9-062A-49DA-8DF9-1A56C3F210CB}.Release|Any CPU.Build.0 = Release|Any CPU
		{68F36C22-63CC-44DD-8EAF-3FE297A28308}.Debug|Any CPU.ActiveCfg = Debug|Any CPU
		{68F36C22-63CC-44DD-8EAF-3FE297A28308}.Debug|Any CPU.Build.0 = Debug|Any CPU
		{68F36C22-63CC-44DD-8EAF-3FE297A28308}.Release|Any CPU.ActiveCfg = Release|Any CPU
		{68F36C22-63CC-44DD-8EAF-3FE297A28308}.Release|Any CPU.Build.0 = Release|Any CPU
		{5368F266-4BA0-42D8-92D4-3FE275E047E3}.Debug|Any CPU.ActiveCfg = Debug|Any CPU
		{5368F266-4BA0-42D8-92D4-3FE275E047E3}.Debug|Any CPU.Build.0 = Debug|Any CPU
		{5368F266-4BA0-42D8-92D4-3FE275E047E3}.Release|Any CPU.ActiveCfg = Release|Any CPU
		{5368F266-4BA0-42D8-92D4-3FE275E047E3}.Release|Any CPU.Build.0 = Release|Any CPU
		{4017C933-8AFF-446B-8109-2F01E44A396F}.Debug|Any CPU.ActiveCfg = Debug|Any CPU
		{4017C933-8AFF-446B-8109-2F01E44A396F}.Debug|Any CPU.Build.0 = Debug|Any CPU
		{4017C933-8AFF-446B-8109-2F01E44A396F}.Release|Any CPU.ActiveCfg = Release|Any CPU
		{4017C933-8AFF-446B-8109-2F01E44A396F}.Release|Any CPU.Build.0 = Release|Any CPU
		{C5455ECD-F2AD-4B86-B1D2-F81C1F5D01DE}.Debug|Any CPU.ActiveCfg = Debug|Any CPU
		{C5455ECD-F2AD-4B86-B1D2-F81C1F5D01DE}.Debug|Any CPU.Build.0 = Debug|Any CPU
		{C5455ECD-F2AD-4B86-B1D2-F81C1F5D01DE}.Release|Any CPU.ActiveCfg = Release|Any CPU
		{C5455ECD-F2AD-4B86-B1D2-F81C1F5D01DE}.Release|Any CPU.Build.0 = Release|Any CPU
		{843079BE-BE43-4323-BEF6-8295064D0754}.Debug|Any CPU.ActiveCfg = Debug|Any CPU
		{843079BE-BE43-4323-BEF6-8295064D0754}.Debug|Any CPU.Build.0 = Debug|Any CPU
		{843079BE-BE43-4323-BEF6-8295064D0754}.Release|Any CPU.ActiveCfg = Release|Any CPU
		{843079BE-BE43-4323-BEF6-8295064D0754}.Release|Any CPU.Build.0 = Release|Any CPU
	EndGlobalSection
	GlobalSection(SolutionProperties) = preSolution
		HideSolutionNode = FALSE
	EndGlobalSection
	GlobalSection(ExtensibilityGlobals) = postSolution
		SolutionGuid = {8E5D7788-1FD4-4720-AE74-A4BE4CFB1D5F}
	EndGlobalSection
EndGlobal
